
Microsoft Visual Studio Solution File, Format Version 12.00
# Visual Studio Version 17
VisualStudioVersion = 17.10.35004.147
MinimumVisualStudioVersion = 10.0.40219.1
Project("{2150E333-8FDC-42A3-9474-1A3956D46DE8}") = "Services", "Services", "{C2DB0396-C4E2-4EF4-9663-CEE3CBFC1D5C}"
EndProject
Project("{2150E333-8FDC-42A3-9474-1A3956D46DE8}") = "Catalog", "Catalog", "{2423E90F-ED2E-4A46-A3F8-F204972BB6A3}"
EndProject
Project("{FAE04EC0-301F-11D3-BF4B-00C04F79EFBC}") = "Catalog.API", "Services\Catalog\Catalog.API\Catalog.API.csproj", "{3A883223-F196-49B0-B1CE-12FB6DD944C0}"
EndProject
Project("{2150E333-8FDC-42A3-9474-1A3956D46DE8}") = "BuildingBlocks", "BuildingBlocks", "{BBB51E49-CD6E-4D7D-BC84-383CE0F6A469}"
EndProject
Project("{FAE04EC0-301F-11D3-BF4B-00C04F79EFBC}") = "BuildingBlocks", "BuildingBlocks\BuildingBlocks\BuildingBlocks.csproj", "{3911C5F3-F3B1-4BB1-8E3D-3CAEB72BEF75}"
EndProject
Global
	GlobalSection(SolutionConfigurationPlatforms) = preSolution
		Debug|Any CPU = Debug|Any CPU
		Release|Any CPU = Release|Any CPU
	EndGlobalSection
	GlobalSection(ProjectConfigurationPlatforms) = postSolution
		{3A883223-F196-49B0-B1CE-12FB6DD944C0}.Debug|Any CPU.ActiveCfg = Debug|Any CPU
		{3A883223-F196-49B0-B1CE-12FB6DD944C0}.Debug|Any CPU.Build.0 = Debug|Any CPU
		{3A883223-F196-49B0-B1CE-12FB6DD944C0}.Release|Any CPU.ActiveCfg = Release|Any CPU
		{3A883223-F196-49B0-B1CE-12FB6DD944C0}.Release|Any CPU.Build.0 = Release|Any CPU
		{3911C5F3-F3B1-4BB1-8E3D-3CAEB72BEF75}.Debug|Any CPU.ActiveCfg = Debug|Any CPU
		{3911C5F3-F3B1-4BB1-8E3D-3CAEB72BEF75}.Debug|Any CPU.Build.0 = Debug|Any CPU
		{3911C5F3-F3B1-4BB1-8E3D-3CAEB72BEF75}.Release|Any CPU.ActiveCfg = Release|Any CPU
		{3911C5F3-F3B1-4BB1-8E3D-3CAEB72BEF75}.Release|Any CPU.Build.0 = Release|Any CPU
	EndGlobalSection
	GlobalSection(SolutionProperties) = preSolution
		HideSolutionNode = FALSE
	EndGlobalSection
	GlobalSection(NestedProjects) = preSolution
		{2423E90F-ED2E-4A46-A3F8-F204972BB6A3} = {C2DB0396-C4E2-4EF4-9663-CEE3CBFC1D5C}
		{3A883223-F196-49B0-B1CE-12FB6DD944C0} = {2423E90F-ED2E-4A46-A3F8-F204972BB6A3}
		{3911C5F3-F3B1-4BB1-8E3D-3CAEB72BEF75} = {BBB51E49-CD6E-4D7D-BC84-383CE0F6A469}
	EndGlobalSection
	GlobalSection(ExtensibilityGlobals) = postSolution
		SolutionGuid = {C7A5E86B-02C1-412D-A052-3909270A18FC}
	EndGlobalSection
EndGlobal
